
Microsoft Visual Studio Solution File, Format Version 12.00
# Visual Studio 15
VisualStudioVersion = 15.0.26403.7
MinimumVisualStudioVersion = 10.0.40219.1
Project("{FAE04EC0-301F-11D3-BF4B-00C04F79EFBC}") = "App1.Android", "App1\App1.Android\App1.Android.csproj", "{72A52437-69E7-4E2D-9BB9-B8FA3ED549A9}"
EndProject
Project("{FAE04EC0-301F-11D3-BF4B-00C04F79EFBC}") = "App1", "App1\App1\App1.csproj", "{B0AA4898-F968-45F2-AE52-8346AA93214E}"
EndProject
Project("{FAE04EC0-301F-11D3-BF4B-00C04F79EFBC}") = "App1.UWP", "App1\App1.UWP\App1.UWP.csproj", "{1A4FFC10-97CE-4E58-92E2-DB4FD7F07EC3}"
EndProject
Project("{FAE04EC0-301F-11D3-BF4B-00C04F79EFBC}") = "App1.iOS", "App1\App1.iOS\App1.iOS.csproj", "{EB348F08-46B2-4CD6-BDA2-F632433DCE02}"
EndProject
Global
	GlobalSection(SolutionConfigurationPlatforms) = preSolution
		Ad-Hoc|Any CPU = Ad-Hoc|Any CPU
		Ad-Hoc|ARM = Ad-Hoc|ARM
		Ad-Hoc|iPhone = Ad-Hoc|iPhone
		Ad-Hoc|iPhoneSimulator = Ad-Hoc|iPhoneSimulator
		Ad-Hoc|x64 = Ad-Hoc|x64
		Ad-Hoc|x86 = Ad-Hoc|x86
		AppStore|Any CPU = AppStore|Any CPU
		AppStore|ARM = AppStore|ARM
		AppStore|iPhone = AppStore|iPhone
		AppStore|iPhoneSimulator = AppStore|iPhoneSimulator
		AppStore|x64 = AppStore|x64
		AppStore|x86 = AppStore|x86
		Debug|Any CPU = Debug|Any CPU
		Debug|ARM = Debug|ARM
		Debug|iPhone = Debug|iPhone
		Debug|iPhoneSimulator = Debug|iPhoneSimulator
		Debug|x64 = Debug|x64
		Debug|x86 = Debug|x86
		Release|Any CPU = Release|Any CPU
		Release|ARM = Release|ARM
		Release|iPhone = Release|iPhone
		Release|iPhoneSimulator = Release|iPhoneSimulator
		Release|x64 = Release|x64
		Release|x86 = Release|x86
	EndGlobalSection
	GlobalSection(ProjectConfigurationPlatforms) = postSolution
		{72A52437-69E7-4E2D-9BB9-B8FA3ED549A9}.Ad-Hoc|Any CPU.ActiveCfg = Release|Any CPU
		{72A52437-69E7-4E2D-9BB9-B8FA3ED549A9}.Ad-Hoc|Any CPU.Build.0 = Release|Any CPU
		{72A52437-69E7-4E2D-9BB9-B8FA3ED549A9}.Ad-Hoc|Any CPU.Deploy.0 = Release|Any CPU
		{72A52437-69E7-4E2D-9BB9-B8FA3ED549A9}.Ad-Hoc|ARM.ActiveCfg = Release|Any CPU
		{72A52437-69E7-4E2D-9BB9-B8FA3ED549A9}.Ad-Hoc|ARM.Build.0 = Release|Any CPU
		{72A52437-69E7-4E2D-9BB9-B8FA3ED549A9}.Ad-Hoc|ARM.Deploy.0 = Release|Any CPU
		{72A52437-69E7-4E2D-9BB9-B8FA3ED549A9}.Ad-Hoc|iPhone.ActiveCfg = Release|Any CPU
		{72A52437-69E7-4E2D-9BB9-B8FA3ED549A9}.Ad-Hoc|iPhone.Build.0 = Release|Any CPU
		{72A52437-69E7-4E2D-9BB9-B8FA3ED549A9}.Ad-Hoc|iPhone.Deploy.0 = Release|Any CPU
		{72A52437-69E7-4E2D-9BB9-B8FA3ED549A9}.Ad-Hoc|iPhoneSimulator.ActiveCfg = Release|Any CPU
		{72A52437-69E7-4E2D-9BB9-B8FA3ED549A9}.Ad-Hoc|iPhoneSimulator.Build.0 = Release|Any CPU
		{72A52437-69E7-4E2D-9BB9-B8FA3ED549A9}.Ad-Hoc|iPhoneSimulator.Deploy.0 = Release|Any CPU
		{72A52437-69E7-4E2D-9BB9-B8FA3ED549A9}.Ad-Hoc|x64.ActiveCfg = Release|Any CPU
		{72A52437-69E7-4E2D-9BB9-B8FA3ED549A9}.Ad-Hoc|x64.Build.0 = Release|Any CPU
		{72A52437-69E7-4E2D-9BB9-B8FA3ED549A9}.Ad-Hoc|x64.Deploy.0 = Release|Any CPU
		{72A52437-69E7-4E2D-9BB9-B8FA3ED549A9}.Ad-Hoc|x86.ActiveCfg = Release|Any CPU
		{72A52437-69E7-4E2D-9BB9-B8FA3ED549A9}.Ad-Hoc|x86.Build.0 = Release|Any CPU
		{72A52437-69E7-4E2D-9BB9-B8FA3ED549A9}.Ad-Hoc|x86.Deploy.0 = Release|Any CPU
		{72A52437-69E7-4E2D-9BB9-B8FA3ED549A9}.AppStore|Any CPU.ActiveCfg = Release|Any CPU
		{72A52437-69E7-4E2D-9BB9-B8FA3ED549A9}.AppStore|Any CPU.Build.0 = Release|Any CPU
		{72A52437-69E7-4E2D-9BB9-B8FA3ED549A9}.AppStore|Any CPU.Deploy.0 = Release|Any CPU
		{72A52437-69E7-4E2D-9BB9-B8FA3ED549A9}.AppStore|ARM.ActiveCfg = Release|Any CPU
		{72A52437-69E7-4E2D-9BB9-B8FA3ED549A9}.AppStore|ARM.Build.0 = Release|Any CPU
		{72A52437-69E7-4E2D-9BB9-B8FA3ED549A9}.AppStore|ARM.Deploy.0 = Release|Any CPU
		{72A52437-69E7-4E2D-9BB9-B8FA3ED549A9}.AppStore|iPhone.ActiveCfg = Release|Any CPU
		{72A52437-69E7-4E2D-9BB9-B8FA3ED549A9}.AppStore|iPhone.Build.0 = Release|Any CPU
		{72A52437-69E7-4E2D-9BB9-B8FA3ED549A9}.AppStore|iPhone.Deploy.0 = Release|Any CPU
		{72A52437-69E7-4E2D-9BB9-B8FA3ED549A9}.AppStore|iPhoneSimulator.ActiveCfg = Release|Any CPU
		{72A52437-69E7-4E2D-9BB9-B8FA3ED549A9}.AppStore|iPhoneSimulator.Build.0 = Release|Any CPU
		{72A52437-69E7-4E2D-9BB9-B8FA3ED549A9}.AppStore|iPhoneSimulator.Deploy.0 = Release|Any CPU
		{72A52437-69E7-4E2D-9BB9-B8FA3ED549A9}.AppStore|x64.ActiveCfg = Release|Any CPU
		{72A52437-69E7-4E2D-9BB9-B8FA3ED549A9}.AppStore|x64.Build.0 = Release|Any CPU
		{72A52437-69E7-4E2D-9BB9-B8FA3ED549A9}.AppStore|x64.Deploy.0 = Release|Any CPU
		{72A52437-69E7-4E2D-9BB9-B8FA3ED549A9}.AppStore|x86.ActiveCfg = Release|Any CPU
		{72A52437-69E7-4E2D-9BB9-B8FA3ED549A9}.AppStore|x86.Build.0 = Release|Any CPU
		{72A52437-69E7-4E2D-9BB9-B8FA3ED549A9}.AppStore|x86.Deploy.0 = Release|Any CPU
		{72A52437-69E7-4E2D-9BB9-B8FA3ED549A9}.Debug|Any CPU.ActiveCfg = Debug|Any CPU
		{72A52437-69E7-4E2D-9BB9-B8FA3ED549A9}.Debug|Any CPU.Build.0 = Debug|Any CPU
		{72A52437-69E7-4E2D-9BB9-B8FA3ED549A9}.Debug|Any CPU.Deploy.0 = Debug|Any CPU
		{72A52437-69E7-4E2D-9BB9-B8FA3ED549A9}.Debug|ARM.ActiveCfg = Debug|Any CPU
		{72A52437-69E7-4E2D-9BB9-B8FA3ED549A9}.Debug|ARM.Build.0 = Debug|Any CPU
		{72A52437-69E7-4E2D-9BB9-B8FA3ED549A9}.Debug|ARM.Deploy.0 = Debug|Any CPU
		{72A52437-69E7-4E2D-9BB9-B8FA3ED549A9}.Debug|iPhone.ActiveCfg = Debug|Any CPU
		{72A52437-69E7-4E2D-9BB9-B8FA3ED549A9}.Debug|iPhone.Build.0 = Debug|Any CPU
		{72A52437-69E7-4E2D-9BB9-B8FA3ED549A9}.Debug|iPhone.Deploy.0 = Debug|Any CPU
		{72A52437-69E7-4E2D-9BB9-B8FA3ED549A9}.Debug|iPhoneSimulator.ActiveCfg = Debug|Any CPU
		{72A52437-69E7-4E2D-9BB9-B8FA3ED549A9}.Debug|iPhoneSimulator.Build.0 = Debug|Any CPU
		{72A52437-69E7-4E2D-9BB9-B8FA3ED549A9}.Debug|iPhoneSimulator.Deploy.0 = Debug|Any CPU
		{72A52437-69E7-4E2D-9BB9-B8FA3ED549A9}.Debug|x64.ActiveCfg = Debug|Any CPU
		{72A52437-69E7-4E2D-9BB9-B8FA3ED549A9}.Debug|x64.Build.0 = Debug|Any CPU
		{72A52437-69E7-4E2D-9BB9-B8FA3ED549A9}.Debug|x64.Deploy.0 = Debug|Any CPU
		{72A52437-69E7-4E2D-9BB9-B8FA3ED549A9}.Debug|x86.ActiveCfg = Debug|Any CPU
		{72A52437-69E7-4E2D-9BB9-B8FA3ED549A9}.Debug|x86.Build.0 = Debug|Any CPU
		{72A52437-69E7-4E2D-9BB9-B8FA3ED549A9}.Debug|x86.Deploy.0 = Debug|Any CPU
		{72A52437-69E7-4E2D-9BB9-B8FA3ED549A9}.Release|Any CPU.ActiveCfg = Release|Any CPU
		{72A52437-69E7-4E2D-9BB9-B8FA3ED549A9}.Release|Any CPU.Build.0 = Release|Any CPU
		{72A52437-69E7-4E2D-9BB9-B8FA3ED549A9}.Release|Any CPU.Deploy.0 = Release|Any CPU
		{72A52437-69E7-4E2D-9BB9-B8FA3ED549A9}.Release|ARM.ActiveCfg = Release|Any CPU
		{72A52437-69E7-4E2D-9BB9-B8FA3ED549A9}.Release|ARM.Build.0 = Release|Any CPU
		{72A52437-69E7-4E2D-9BB9-B8FA3ED549A9}.Release|ARM.Deploy.0 = Release|Any CPU
		{72A52437-69E7-4E2D-9BB9-B8FA3ED549A9}.Release|iPhone.ActiveCfg = Release|Any CPU
		{72A52437-69E7-4E2D-9BB9-B8FA3ED549A9}.Release|iPhone.Build.0 = Release|Any CPU
		{72A52437-69E7-4E2D-9BB9-B8FA3ED549A9}.Release|iPhone.Deploy.0 = Release|Any CPU
		{72A52437-69E7-4E2D-9BB9-B8FA3ED549A9}.Release|iPhoneSimulator.ActiveCfg = Release|Any CPU
		{72A52437-69E7-4E2D-9BB9-B8FA3ED549A9}.Release|iPhoneSimulator.Build.0 = Release|Any CPU
		{72A52437-69E7-4E2D-9BB9-B8FA3ED549A9}.Release|iPhoneSimulator.Deploy.0 = Release|Any CPU
		{72A52437-69E7-4E2D-9BB9-B8FA3ED549A9}.Release|x64.ActiveCfg = Release|Any CPU
		{72A52437-69E7-4E2D-9BB9-B8FA3ED549A9}.Release|x64.Build.0 = Release|Any CPU
		{72A52437-69E7-4E2D-9BB9-B8FA3ED549A9}.Release|x64.Deploy.0 = Release|Any CPU
		{72A52437-69E7-4E2D-9BB9-B8FA3ED549A9}.Release|x86.ActiveCfg = Release|Any CPU
		{72A52437-69E7-4E2D-9BB9-B8FA3ED549A9}.Release|x86.Build.0 = Release|Any CPU
		{72A52437-69E7-4E2D-9BB9-B8FA3ED549A9}.Release|x86.Deploy.0 = Release|Any CPU
		{B0AA4898-F968-45F2-AE52-8346AA93214E}.Ad-Hoc|Any CPU.ActiveCfg = Release|Any CPU
		{B0AA4898-F968-45F2-AE52-8346AA93214E}.Ad-Hoc|Any CPU.Build.0 = Release|Any CPU
		{B0AA4898-F968-45F2-AE52-8346AA93214E}.Ad-Hoc|ARM.ActiveCfg = Release|Any CPU
		{B0AA4898-F968-45F2-AE52-8346AA93214E}.Ad-Hoc|ARM.Build.0 = Release|Any CPU
		{B0AA4898-F968-45F2-AE52-8346AA93214E}.Ad-Hoc|iPhone.ActiveCfg = Release|Any CPU
		{B0AA4898-F968-45F2-AE52-8346AA93214E}.Ad-Hoc|iPhone.Build.0 = Release|Any CPU
		{B0AA4898-F968-45F2-AE52-8346AA93214E}.Ad-Hoc|iPhoneSimulator.ActiveCfg = Release|Any CPU
		{B0AA4898-F968-45F2-AE52-8346AA93214E}.Ad-Hoc|iPhoneSimulator.Build.0 = Release|Any CPU
		{B0AA4898-F968-45F2-AE52-8346AA93214E}.Ad-Hoc|x64.ActiveCfg = Release|Any CPU
		{B0AA4898-F968-45F2-AE52-8346AA93214E}.Ad-Hoc|x64.Build.0 = Release|Any CPU
		{B0AA4898-F968-45F2-AE52-8346AA93214E}.Ad-Hoc|x86.ActiveCfg = Release|Any CPU
		{B0AA4898-F968-45F2-AE52-8346AA93214E}.Ad-Hoc|x86.Build.0 = Release|Any CPU
		{B0AA4898-F968-45F2-AE52-8346AA93214E}.AppStore|Any CPU.ActiveCfg = Release|Any CPU
		{B0AA4898-F968-45F2-AE52-8346AA93214E}.AppStore|Any CPU.Build.0 = Release|Any CPU
		{B0AA4898-F968-45F2-AE52-8346AA93214E}.AppStore|ARM.ActiveCfg = Release|Any CPU
		{B0AA4898-F968-45F2-AE52-8346AA93214E}.AppStore|ARM.Build.0 = Release|Any CPU
		{B0AA4898-F968-45F2-AE52-8346AA93214E}.AppStore|iPhone.ActiveCfg = Release|Any CPU
		{B0AA4898-F968-45F2-AE52-8346AA93214E}.AppStore|iPhone.Build.0 = Release|Any CPU
		{B0AA4898-F968-45F2-AE52-8346AA93214E}.AppStore|iPhoneSimulator.ActiveCfg = Release|Any CPU
		{B0AA4898-F968-45F2-AE52-8346AA93214E}.AppStore|iPhoneSimulator.Build.0 = Release|Any CPU
		{B0AA4898-F968-45F2-AE52-8346AA93214E}.AppStore|x64.ActiveCfg = Release|Any CPU
		{B0AA4898-F968-45F2-AE52-8346AA93214E}.AppStore|x64.Build.0 = Release|Any CPU
		{B0AA4898-F968-45F2-AE52-8346AA93214E}.AppStore|x86.ActiveCfg = Release|Any CPU
		{B0AA4898-F968-45F2-AE52-8346AA93214E}.AppStore|x86.Build.0 = Release|Any CPU
		{B0AA4898-F968-45F2-AE52-8346AA93214E}.Debug|Any CPU.ActiveCfg = Debug|Any CPU
		{B0AA4898-F968-45F2-AE52-8346AA93214E}.Debug|Any CPU.Build.0 = Debug|Any CPU
		{B0AA4898-F968-45F2-AE52-8346AA93214E}.Debug|ARM.ActiveCfg = Debug|Any CPU
		{B0AA4898-F968-45F2-AE52-8346AA93214E}.Debug|ARM.Build.0 = Debug|Any CPU
		{B0AA4898-F968-45F2-AE52-8346AA93214E}.Debug|iPhone.ActiveCfg = Debug|Any CPU
		{B0AA4898-F968-45F2-AE52-8346AA93214E}.Debug|iPhone.Build.0 = Debug|Any CPU
		{B0AA4898-F968-45F2-AE52-8346AA93214E}.Debug|iPhoneSimulator.ActiveCfg = Debug|Any CPU
		{B0AA4898-F968-45F2-AE52-8346AA93214E}.Debug|iPhoneSimulator.Build.0 = Debug|Any CPU
		{B0AA4898-F968-45F2-AE52-8346AA93214E}.Debug|x64.ActiveCfg = Debug|Any CPU
		{B0AA4898-F968-45F2-AE52-8346AA93214E}.Debug|x64.Build.0 = Debug|Any CPU
		{B0AA4898-F968-45F2-AE52-8346AA93214E}.Debug|x86.ActiveCfg = Debug|Any CPU
		{B0AA4898-F968-45F2-AE52-8346AA93214E}.Debug|x86.Build.0 = Debug|Any CPU
		{B0AA4898-F968-45F2-AE52-8346AA93214E}.Release|Any CPU.ActiveCfg = Release|Any CPU
		{B0AA4898-F968-45F2-AE52-8346AA93214E}.Release|Any CPU.Build.0 = Release|Any CPU
		{B0AA4898-F968-45F2-AE52-8346AA93214E}.Release|ARM.ActiveCfg = Release|Any CPU
		{B0AA4898-F968-45F2-AE52-8346AA93214E}.Release|ARM.Build.0 = Release|Any CPU
		{B0AA4898-F968-45F2-AE52-8346AA93214E}.Release|iPhone.ActiveCfg = Release|Any CPU
		{B0AA4898-F968-45F2-AE52-8346AA93214E}.Release|iPhone.Build.0 = Release|Any CPU
		{B0AA4898-F968-45F2-AE52-8346AA93214E}.Release|iPhoneSimulator.ActiveCfg = Release|Any CPU
		{B0AA4898-F968-45F2-AE52-8346AA93214E}.Release|iPhoneSimulator.Build.0 = Release|Any CPU
		{B0AA4898-F968-45F2-AE52-8346AA93214E}.Release|x64.ActiveCfg = Release|Any CPU
		{B0AA4898-F968-45F2-AE52-8346AA93214E}.Release|x64.Build.0 = Release|Any CPU
		{B0AA4898-F968-45F2-AE52-8346AA93214E}.Release|x86.ActiveCfg = Release|Any CPU
		{B0AA4898-F968-45F2-AE52-8346AA93214E}.Release|x86.Build.0 = Release|Any CPU
		{1A4FFC10-97CE-4E58-92E2-DB4FD7F07EC3}.Ad-Hoc|Any CPU.ActiveCfg = Release|x86
		{1A4FFC10-97CE-4E58-92E2-DB4FD7F07EC3}.Ad-Hoc|Any CPU.Build.0 = Release|x86
		{1A4FFC10-97CE-4E58-92E2-DB4FD7F07EC3}.Ad-Hoc|Any CPU.Deploy.0 = Release|x86
		{1A4FFC10-97CE-4E58-92E2-DB4FD7F07EC3}.Ad-Hoc|ARM.ActiveCfg = Release|ARM
		{1A4FFC10-97CE-4E58-92E2-DB4FD7F07EC3}.Ad-Hoc|ARM.Build.0 = Release|ARM
		{1A4FFC10-97CE-4E58-92E2-DB4FD7F07EC3}.Ad-Hoc|ARM.Deploy.0 = Release|ARM
		{1A4FFC10-97CE-4E58-92E2-DB4FD7F07EC3}.Ad-Hoc|iPhone.ActiveCfg = Release|x86
		{1A4FFC10-97CE-4E58-92E2-DB4FD7F07EC3}.Ad-Hoc|iPhone.Build.0 = Release|x86
		{1A4FFC10-97CE-4E58-92E2-DB4FD7F07EC3}.Ad-Hoc|iPhone.Deploy.0 = Release|x86
		{1A4FFC10-97CE-4E58-92E2-DB4FD7F07EC3}.Ad-Hoc|iPhoneSimulator.ActiveCfg = Release|x86
		{1A4FFC10-97CE-4E58-92E2-DB4FD7F07EC3}.Ad-Hoc|iPhoneSimulator.Build.0 = Release|x86
		{1A4FFC10-97CE-4E58-92E2-DB4FD7F07EC3}.Ad-Hoc|iPhoneSimulator.Deploy.0 = Release|x86
		{1A4FFC10-97CE-4E58-92E2-DB4FD7F07EC3}.Ad-Hoc|x64.ActiveCfg = Release|x64
		{1A4FFC10-97CE-4E58-92E2-DB4FD7F07EC3}.Ad-Hoc|x64.Build.0 = Release|x64
		{1A4FFC10-97CE-4E58-92E2-DB4FD7F07EC3}.Ad-Hoc|x64.Deploy.0 = Release|x64
		{1A4FFC10-97CE-4E58-92E2-DB4FD7F07EC3}.Ad-Hoc|x86.ActiveCfg = Release|x86
		{1A4FFC10-97CE-4E58-92E2-DB4FD7F07EC3}.Ad-Hoc|x86.Build.0 = Release|x86
		{1A4FFC10-97CE-4E58-92E2-DB4FD7F07EC3}.Ad-Hoc|x86.Deploy.0 = Release|x86
		{1A4FFC10-97CE-4E58-92E2-DB4FD7F07EC3}.AppStore|Any CPU.ActiveCfg = Release|x86
		{1A4FFC10-97CE-4E58-92E2-DB4FD7F07EC3}.AppStore|Any CPU.Build.0 = Release|x86
		{1A4FFC10-97CE-4E58-92E2-DB4FD7F07EC3}.AppStore|Any CPU.Deploy.0 = Release|x86
		{1A4FFC10-97CE-4E58-92E2-DB4FD7F07EC3}.AppStore|ARM.ActiveCfg = Release|ARM
		{1A4FFC10-97CE-4E58-92E2-DB4FD7F07EC3}.AppStore|ARM.Build.0 = Release|ARM
		{1A4FFC10-97CE-4E58-92E2-DB4FD7F07EC3}.AppStore|ARM.Deploy.0 = Release|ARM
		{1A4FFC10-97CE-4E58-92E2-DB4FD7F07EC3}.AppStore|iPhone.ActiveCfg = Release|x86
		{1A4FFC10-97CE-4E58-92E2-DB4FD7F07EC3}.AppStore|iPhone.Build.0 = Release|x86
		{1A4FFC10-97CE-4E58-92E2-DB4FD7F07EC3}.AppStore|iPhone.Deploy.0 = Release|x86
		{1A4FFC10-97CE-4E58-92E2-DB4FD7F07EC3}.AppStore|iPhoneSimulator.ActiveCfg = Release|x86
		{1A4FFC10-97CE-4E58-92E2-DB4FD7F07EC3}.AppStore|iPhoneSimulator.Build.0 = Release|x86
		{1A4FFC10-97CE-4E58-92E2-DB4FD7F07EC3}.AppStore|iPhoneSimulator.Deploy.0 = Release|x86
		{1A4FFC10-97CE-4E58-92E2-DB4FD7F07EC3}.AppStore|x64.ActiveCfg = Release|x64
		{1A4FFC10-97CE-4E58-92E2-DB4FD7F07EC3}.AppStore|x64.Build.0 = Release|x64
		{1A4FFC10-97CE-4E58-92E2-DB4FD7F07EC3}.AppStore|x64.Deploy.0 = Release|x64
		{1A4FFC10-97CE-4E58-92E2-DB4FD7F07EC3}.AppStore|x86.ActiveCfg = Release|x86
		{1A4FFC10-97CE-4E58-92E2-DB4FD7F07EC3}.AppStore|x86.Build.0 = Release|x86
		{1A4FFC10-97CE-4E58-92E2-DB4FD7F07EC3}.AppStore|x86.Deploy.0 = Release|x86
		{1A4FFC10-97CE-4E58-92E2-DB4FD7F07EC3}.Debug|Any CPU.ActiveCfg = Debug|x86
		{1A4FFC10-97CE-4E58-92E2-DB4FD7F07EC3}.Debug|Any CPU.Build.0 = Debug|x86
		{1A4FFC10-97CE-4E58-92E2-DB4FD7F07EC3}.Debug|Any CPU.Deploy.0 = Debug|x86
		{1A4FFC10-97CE-4E58-92E2-DB4FD7F07EC3}.Debug|ARM.ActiveCfg = Debug|ARM
		{1A4FFC10-97CE-4E58-92E2-DB4FD7F07EC3}.Debug|ARM.Build.0 = Debug|ARM
		{1A4FFC10-97CE-4E58-92E2-DB4FD7F07EC3}.Debug|ARM.Deploy.0 = Debug|ARM
		{1A4FFC10-97CE-4E58-92E2-DB4FD7F07EC3}.Debug|iPhone.ActiveCfg = Debug|x86
		{1A4FFC10-97CE-4E58-92E2-DB4FD7F07EC3}.Debug|iPhoneSimulator.ActiveCfg = Debug|x86
		{1A4FFC10-97CE-4E58-92E2-DB4FD7F07EC3}.Debug|x64.ActiveCfg = Debug|x64
		{1A4FFC10-97CE-4E58-92E2-DB4FD7F07EC3}.Debug|x64.Build.0 = Debug|x64
		{1A4FFC10-97CE-4E58-92E2-DB4FD7F07EC3}.Debug|x64.Deploy.0 = Debug|x64
		{1A4FFC10-97CE-4E58-92E2-DB4FD7F07EC3}.Debug|x86.ActiveCfg = Debug|x86
		{1A4FFC10-97CE-4E58-92E2-DB4FD7F07EC3}.Debug|x86.Build.0 = Debug|x86
		{1A4FFC10-97CE-4E58-92E2-DB4FD7F07EC3}.Debug|x86.Deploy.0 = Debug|x86
		{1A4FFC10-97CE-4E58-92E2-DB4FD7F07EC3}.Release|Any CPU.ActiveCfg = Release|x86
		{1A4FFC10-97CE-4E58-92E2-DB4FD7F07EC3}.Release|ARM.ActiveCfg = Release|ARM
		{1A4FFC10-97CE-4E58-92E2-DB4FD7F07EC3}.Release|ARM.Build.0 = Release|ARM
		{1A4FFC10-97CE-4E58-92E2-DB4FD7F07EC3}.Release|ARM.Deploy.0 = Release|ARM
		{1A4FFC10-97CE-4E58-92E2-DB4FD7F07EC3}.Release|iPhone.ActiveCfg = Release|x86
		{1A4FFC10-97CE-4E58-92E2-DB4FD7F07EC3}.Release|iPhoneSimulator.ActiveCfg = Release|x86
		{1A4FFC10-97CE-4E58-92E2-DB4FD7F07EC3}.Release|x64.ActiveCfg = Release|x64
		{1A4FFC10-97CE-4E58-92E2-DB4FD7F07EC3}.Release|x64.Build.0 = Release|x64
		{1A4FFC10-97CE-4E58-92E2-DB4FD7F07EC3}.Release|x64.Deploy.0 = Release|x64
		{1A4FFC10-97CE-4E58-92E2-DB4FD7F07EC3}.Release|x86.ActiveCfg = Release|x86
		{1A4FFC10-97CE-4E58-92E2-DB4FD7F07EC3}.Release|x86.Build.0 = Release|x86
		{1A4FFC10-97CE-4E58-92E2-DB4FD7F07EC3}.Release|x86.Deploy.0 = Release|x86
		{EB348F08-46B2-4CD6-BDA2-F632433DCE02}.Ad-Hoc|Any CPU.ActiveCfg = Ad-Hoc|iPhone
		{EB348F08-46B2-4CD6-BDA2-F632433DCE02}.Ad-Hoc|ARM.ActiveCfg = Ad-Hoc|iPhone
		{EB348F08-46B2-4CD6-BDA2-F632433DCE02}.Ad-Hoc|iPhone.ActiveCfg = Ad-Hoc|iPhone
		{EB348F08-46B2-4CD6-BDA2-F632433DCE02}.Ad-Hoc|iPhone.Build.0 = Ad-Hoc|iPhone
		{EB348F08-46B2-4CD6-BDA2-F632433DCE02}.Ad-Hoc|iPhoneSimulator.ActiveCfg = Ad-Hoc|iPhoneSimulator
		{EB348F08-46B2-4CD6-BDA2-F632433DCE02}.Ad-Hoc|iPhoneSimulator.Build.0 = Ad-Hoc|iPhoneSimulator
		{EB348F08-46B2-4CD6-BDA2-F632433DCE02}.Ad-Hoc|x64.ActiveCfg = Ad-Hoc|iPhone
		{EB348F08-46B2-4CD6-BDA2-F632433DCE02}.Ad-Hoc|x86.ActiveCfg = Ad-Hoc|iPhone
		{EB348F08-46B2-4CD6-BDA2-F632433DCE02}.AppStore|Any CPU.ActiveCfg = AppStore|iPhone
		{EB348F08-46B2-4CD6-BDA2-F632433DCE02}.AppStore|ARM.ActiveCfg = AppStore|iPhone
		{EB348F08-46B2-4CD6-BDA2-F632433DCE02}.AppStore|iPhone.ActiveCfg = AppStore|iPhone
		{EB348F08-46B2-4CD6-BDA2-F632433DCE02}.AppStore|iPhone.Build.0 = AppStore|iPhone
		{EB348F08-46B2-4CD6-BDA2-F632433DCE02}.AppStore|iPhoneSimulator.ActiveCfg = AppStore|iPhoneSimulator
		{EB348F08-46B2-4CD6-BDA2-F632433DCE02}.AppStore|iPhoneSimulator.Build.0 = AppStore|iPhoneSimulator
		{EB348F08-46B2-4CD6-BDA2-F632433DCE02}.AppStore|x64.ActiveCfg = AppStore|iPhone
		{EB348F08-46B2-4CD6-BDA2-F632433DCE02}.AppStore|x86.ActiveCfg = AppStore|iPhone
		{EB348F08-46B2-4CD6-BDA2-F632433DCE02}.Debug|Any CPU.ActiveCfg = Debug|iPhone
		{EB348F08-46B2-4CD6-BDA2-F632433DCE02}.Debug|Any CPU.Build.0 = Debug|iPhone
		{EB348F08-46B2-4CD6-BDA2-F632433DCE02}.Debug|Any CPU.Deploy.0 = Debug|iPhone
		{EB348F08-46B2-4CD6-BDA2-F632433DCE02}.Debug|ARM.ActiveCfg = Debug|iPhone
		{EB348F08-46B2-4CD6-BDA2-F632433DCE02}.Debug|iPhone.ActiveCfg = Debug|iPhone
		{EB348F08-46B2-4CD6-BDA2-F632433DCE02}.Debug|iPhone.Build.0 = Debug|iPhone
		{EB348F08-46B2-4CD6-BDA2-F632433DCE02}.Debug|iPhoneSimulator.ActiveCfg = Debug|iPhoneSimulator
		{EB348F08-46B2-4CD6-BDA2-F632433DCE02}.Debug|iPhoneSimulator.Build.0 = Debug|iPhoneSimulator
		{EB348F08-46B2-4CD6-BDA2-F632433DCE02}.Debug|x64.ActiveCfg = Debug|iPhone
		{EB348F08-46B2-4CD6-BDA2-F632433DCE02}.Debug|x86.ActiveCfg = Debug|iPhone
		{EB348F08-46B2-4CD6-BDA2-F632433DCE02}.Release|Any CPU.ActiveCfg = Release|iPhone
		{EB348F08-46B2-4CD6-BDA2-F632433DCE02}.Release|ARM.ActiveCfg = Release|iPhone
		{EB348F08-46B2-4CD6-BDA2-F632433DCE02}.Release|iPhone.ActiveCfg = Release|iPhone
		{EB348F08-46B2-4CD6-BDA2-F632433DCE02}.Release|iPhone.Build.0 = Release|iPhone
		{EB348F08-46B2-4CD6-BDA2-F632433DCE02}.Release|iPhoneSimulator.ActiveCfg = Release|iPhoneSimulator
		{EB348F08-46B2-4CD6-BDA2-F632433DCE02}.Release|iPhoneSimulator.Build.0 = Release|iPhoneSimulator
		{EB348F08-46B2-4CD6-BDA2-F632433DCE02}.Release|x64.ActiveCfg = Release|iPhone
		{EB348F08-46B2-4CD6-BDA2-F632433DCE02}.Release|x86.ActiveCfg = Release|iPhone
	EndGlobalSection
	GlobalSection(SolutionProperties) = preSolution
		HideSolutionNode = FALSE
	EndGlobalSection
EndGlobal
